
Microsoft Visual Studio Solution File, Format Version 12.00
# Visual Studio Version 17
VisualStudioVersion = 17.1.32319.34
MinimumVisualStudioVersion = 10.0.40219.1
Project("{9A19103F-16F7-4668-BE54-9A1E7A4F7556}") = "Bookstore.Catalog.Api", "Bookstore.Catalog.Api\Bookstore.Catalog.Api.csproj", "{30983F58-29AD-4F94-8237-54F39273DFF0}"
EndProject
Project("{9A19103F-16F7-4668-BE54-9A1E7A4F7556}") = "Bookstore.Web", "Bookstore.Web\Bookstore.Web.csproj", "{6B57E185-E583-4561-8FC6-E919E9600C4F}"
EndProject
Project("{9A19103F-16F7-4668-BE54-9A1E7A4F7556}") = "Bookstore.Dto", "Bookstore.Dto\Bookstore.Dto.csproj", "{9CE45652-FB31-477E-9CBE-F03D23AA6D1E}"
EndProject
Global
	GlobalSection(SolutionConfigurationPlatforms) = preSolution
		Debug|Any CPU = Debug|Any CPU
		Release|Any CPU = Release|Any CPU
	EndGlobalSection
	GlobalSection(ProjectConfigurationPlatforms) = postSolution
		{30983F58-29AD-4F94-8237-54F39273DFF0}.Debug|Any CPU.ActiveCfg = Debug|Any CPU
		{30983F58-29AD-4F94-8237-54F39273DFF0}.Debug|Any CPU.Build.0 = Debug|Any CPU
		{30983F58-29AD-4F94-8237-54F39273DFF0}.Release|Any CPU.ActiveCfg = Release|Any CPU
		{30983F58-29AD-4F94-8237-54F39273DFF0}.Release|Any CPU.Build.0 = Release|Any CPU
		{6B57E185-E583-4561-8FC6-E919E9600C4F}.Debug|Any CPU.ActiveCfg = Debug|Any CPU
		{6B57E185-E583-4561-8FC6-E919E9600C4F}.Debug|Any CPU.Build.0 = Debug|Any CPU
		{6B57E185-E583-4561-8FC6-E919E9600C4F}.Release|Any CPU.ActiveCfg = Release|Any CPU
		{6B57E185-E583-4561-8FC6-E919E9600C4F}.Release|Any CPU.Build.0 = Release|Any CPU
		{9CE45652-FB31-477E-9CBE-F03D23AA6D1E}.Debug|Any CPU.ActiveCfg = Debug|Any CPU
		{9CE45652-FB31-477E-9CBE-F03D23AA6D1E}.Debug|Any CPU.Build.0 = Debug|Any CPU
		{9CE45652-FB31-477E-9CBE-F03D23AA6D1E}.Release|Any CPU.ActiveCfg = Release|Any CPU
		{9CE45652-FB31-477E-9CBE-F03D23AA6D1E}.Release|Any CPU.Build.0 = Release|Any CPU
	EndGlobalSection
	GlobalSection(SolutionProperties) = preSolution
		HideSolutionNode = FALSE
	EndGlobalSection
	GlobalSection(ExtensibilityGlobals) = postSolution
		SolutionGuid = {8A1AFEC6-5F45-4B7D-B538-84BC4C9914EC}
	EndGlobalSection
EndGlobal
